// !$*UTF8*$!
{
	archiveVersion = 1;
	classes = {
	};
	objectVersion = 46;
	objects = {

/* Begin PBXBuildFile section */
		373ECD861883BE7800FA559A /* ParallaxCollectionViewFlowLayout.m in Sources */ = {isa = PBXBuildFile; fileRef = 373ECD851883BE7800FA559A /* ParallaxCollectionViewFlowLayout.m */; };
		37DB93DD1883BE1200EA0225 /* Foundation.framework in Frameworks */ = {isa = PBXBuildFile; fileRef = 37DB93DC1883BE1200EA0225 /* Foundation.framework */; };
		37DB93DF1883BE1200EA0225 /* CoreGraphics.framework in Frameworks */ = {isa = PBXBuildFile; fileRef = 37DB93DE1883BE1200EA0225 /* CoreGraphics.framework */; };
		37DB93E11883BE1200EA0225 /* UIKit.framework in Frameworks */ = {isa = PBXBuildFile; fileRef = 37DB93E01883BE1200EA0225 /* UIKit.framework */; };
		37DB93E71883BE1200EA0225 /* InfoPlist.strings in Resources */ = {isa = PBXBuildFile; fileRef = 37DB93E51883BE1200EA0225 /* InfoPlist.strings */; };
		37DB93E91883BE1200EA0225 /* main.m in Sources */ = {isa = PBXBuildFile; fileRef = 37DB93E81883BE1200EA0225 /* main.m */; };
		37DB93ED1883BE1200EA0225 /* ParallaxAppDelegate.m in Sources */ = {isa = PBXBuildFile; fileRef = 37DB93EC1883BE1200EA0225 /* ParallaxAppDelegate.m */; };
		37DB93F01883BE1200EA0225 /* Main.storyboard in Resources */ = {isa = PBXBuildFile; fileRef = 37DB93EE1883BE1200EA0225 /* Main.storyboard */; };
		37DB93F31883BE1200EA0225 /* ParallaxViewController.m in Sources */ = {isa = PBXBuildFile; fileRef = 37DB93F21883BE1200EA0225 /* ParallaxViewController.m */; };
		37DB93F51883BE1200EA0225 /* Images.xcassets in Resources */ = {isa = PBXBuildFile; fileRef = 37DB93F41883BE1200EA0225 /* Images.xcassets */; };
		37DB93FC1883BE1200EA0225 /* XCTest.framework in Frameworks */ = {isa = PBXBuildFile; fileRef = 37DB93FB1883BE1200EA0225 /* XCTest.framework */; };
		37DB93FD1883BE1200EA0225 /* Foundation.framework in Frameworks */ = {isa = PBXBuildFile; fileRef = 37DB93DC1883BE1200EA0225 /* Foundation.framework */; };
		37DB93FE1883BE1200EA0225 /* UIKit.framework in Frameworks */ = {isa = PBXBuildFile; fileRef = 37DB93E01883BE1200EA0225 /* UIKit.framework */; };
		37DB94061883BE1200EA0225 /* InfoPlist.strings in Resources */ = {isa = PBXBuildFile; fileRef = 37DB94041883BE1200EA0225 /* InfoPlist.strings */; };
		37DB94081883BE1200EA0225 /* ParallaxCollectionViewFlowLayoutTests.m in Sources */ = {isa = PBXBuildFile; fileRef = 37DB94071883BE1200EA0225 /* ParallaxCollectionViewFlowLayoutTests.m */; };
/* End PBXBuildFile section */

/* Begin PBXContainerItemProxy section */
		37DB93FF1883BE1200EA0225 /* PBXContainerItemProxy */ = {
			isa = PBXContainerItemProxy;
			containerPortal = 37DB93D11883BE1200EA0225 /* Project object */;
			proxyType = 1;
			remoteGlobalIDString = 37DB93D81883BE1200EA0225;
			remoteInfo = ParallaxCollectionViewFlowLayout;
		};
/* End PBXContainerItemProxy section */

/* Begin PBXFileReference section */
		373ECD841883BE7800FA559A /* ParallaxCollectionViewFlowLayout.h */ = {isa = PBXFileReference; fileEncoding = 4; lastKnownFileType = sourcecode.c.h; path = ParallaxCollectionViewFlowLayout.h; sourceTree = "<group>"; };
		373ECD851883BE7800FA559A /* ParallaxCollectionViewFlowLayout.m */ = {isa = PBXFileReference; fileEncoding = 4; lastKnownFileType = sourcecode.c.objc; path = ParallaxCollectionViewFlowLayout.m; sourceTree = "<group>"; };
		37DB93D91883BE1200EA0225 /* ParallaxCollectionViewFlowLayout.app */ = {isa = PBXFileReference; explicitFileType = wrapper.application; includeInIndex = 0; path = ParallaxCollectionViewFlowLayout.app; sourceTree = BUILT_PRODUCTS_DIR; };
		37DB93DC1883BE1200EA0225 /* Foundation.framework */ = {isa = PBXFileReference; lastKnownFileType = wrapper.framework; name = Foundation.framework; path = System/Library/Frameworks/Foundation.framework; sourceTree = SDKROOT; };
		37DB93DE1883BE1200EA0225 /* CoreGraphics.framework */ = {isa = PBXFileReference; lastKnownFileType = wrapper.framework; name = CoreGraphics.framework; path = System/Library/Frameworks/CoreGraphics.framework; sourceTree = SDKROOT; };
		37DB93E01883BE1200EA0225 /* UIKit.framework */ = {isa = PBXFileReference; lastKnownFileType = wrapper.framework; name = UIKit.framework; path = System/Library/Frameworks/UIKit.framework; sourceTree = SDKROOT; };
		37DB93E41883BE1200EA0225 /* ParallaxCollectionViewFlowLayout-Info.plist */ = {isa = PBXFileReference; lastKnownFileType = text.plist.xml; path = "ParallaxCollectionViewFlowLayout-Info.plist"; sourceTree = "<group>"; };
		37DB93E61883BE1200EA0225 /* en */ = {isa = PBXFileReference; lastKnownFileType = text.plist.strings; name = en; path = en.lproj/InfoPlist.strings; sourceTree = "<group>"; };
		37DB93E81883BE1200EA0225 /* main.m */ = {isa = PBXFileReference; lastKnownFileType = sourcecode.c.objc; path = main.m; sourceTree = "<group>"; };
		37DB93EA1883BE1200EA0225 /* ParallaxCollectionViewFlowLayout-Prefix.pch */ = {isa = PBXFileReference; lastKnownFileType = sourcecode.c.h; path = "ParallaxCollectionViewFlowLayout-Prefix.pch"; sourceTree = "<group>"; };
		37DB93EB1883BE1200EA0225 /* ParallaxAppDelegate.h */ = {isa = PBXFileReference; lastKnownFileType = sourcecode.c.h; path = ParallaxAppDelegate.h; sourceTree = "<group>"; };
		37DB93EC1883BE1200EA0225 /* ParallaxAppDelegate.m */ = {isa = PBXFileReference; lastKnownFileType = sourcecode.c.objc; path = ParallaxAppDelegate.m; sourceTree = "<group>"; };
		37DB93EF1883BE1200EA0225 /* Base */ = {isa = PBXFileReference; lastKnownFileType = file.storyboard; name = Base; path = Base.lproj/Main.storyboard; sourceTree = "<group>"; };
		37DB93F11883BE1200EA0225 /* ParallaxViewController.h */ = {isa = PBXFileReference; lastKnownFileType = sourcecode.c.h; path = ParallaxViewController.h; sourceTree = "<group>"; };
		37DB93F21883BE1200EA0225 /* ParallaxViewController.m */ = {isa = PBXFileReference; lastKnownFileType = sourcecode.c.objc; path = ParallaxViewController.m; sourceTree = "<group>"; };
		37DB93F41883BE1200EA0225 /* Images.xcassets */ = {isa = PBXFileReference; lastKnownFileType = folder.assetcatalog; path = Images.xcassets; sourceTree = "<group>"; };
		37DB93FA1883BE1200EA0225 /* ParallaxCollectionViewFlowLayoutTests.xctest */ = {isa = PBXFileReference; explicitFileType = wrapper.cfbundle; includeInIndex = 0; path = ParallaxCollectionViewFlowLayoutTests.xctest; sourceTree = BUILT_PRODUCTS_DIR; };
		37DB93FB1883BE1200EA0225 /* XCTest.framework */ = {isa = PBXFileReference; lastKnownFileType = wrapper.framework; name = XCTest.framework; path = Library/Frameworks/XCTest.framework; sourceTree = DEVELOPER_DIR; };
		37DB94031883BE1200EA0225 /* ParallaxCollectionViewFlowLayoutTests-Info.plist */ = {isa = PBXFileReference; lastKnownFileType = text.plist.xml; path = "ParallaxCollectionViewFlowLayoutTests-Info.plist"; sourceTree = "<group>"; };
		37DB94051883BE1200EA0225 /* en */ = {isa = PBXFileReference; lastKnownFileType = text.plist.strings; name = en; path = en.lproj/InfoPlist.strings; sourceTree = "<group>"; };
		37DB94071883BE1200EA0225 /* ParallaxCollectionViewFlowLayoutTests.m */ = {isa = PBXFileReference; lastKnownFileType = sourcecode.c.objc; path = ParallaxCollectionViewFlowLayoutTests.m; sourceTree = "<group>"; };
/* End PBXFileReference section */

/* Begin PBXFrameworksBuildPhase section */
		37DB93D61883BE1200EA0225 /* Frameworks */ = {
			isa = PBXFrameworksBuildPhase;
			buildActionMask = 2147483647;
			files = (
				37DB93DF1883BE1200EA0225 /* CoreGraphics.framework in Frameworks */,
				37DB93E11883BE1200EA0225 /* UIKit.framework in Frameworks */,
				37DB93DD1883BE1200EA0225 /* Foundation.framework in Frameworks */,
			);
			runOnlyForDeploymentPostprocessing = 0;
		};
		37DB93F71883BE1200EA0225 /* Frameworks */ = {
			isa = PBXFrameworksBuildPhase;
			buildActionMask = 2147483647;
			files = (
				37DB93FC1883BE1200EA0225 /* XCTest.framework in Frameworks */,
				37DB93FE1883BE1200EA0225 /* UIKit.framework in Frameworks */,
				37DB93FD1883BE1200EA0225 /* Foundation.framework in Frameworks */,
			);
			runOnlyForDeploymentPostprocessing = 0;
		};
/* End PBXFrameworksBuildPhase section */

/* Begin PBXGroup section */
		37DB93D01883BE1200EA0225 = {
			isa = PBXGroup;
			children = (
				37DB93E21883BE1200EA0225 /* ParallaxCollectionViewFlowLayout */,
				37DB94011883BE1200EA0225 /* ParallaxCollectionViewFlowLayoutTests */,
				37DB93DB1883BE1200EA0225 /* Frameworks */,
				37DB93DA1883BE1200EA0225 /* Products */,
			);
			sourceTree = "<group>";
		};
		37DB93DA1883BE1200EA0225 /* Products */ = {
			isa = PBXGroup;
			children = (
				37DB93D91883BE1200EA0225 /* ParallaxCollectionViewFlowLayout.app */,
				37DB93FA1883BE1200EA0225 /* ParallaxCollectionViewFlowLayoutTests.xctest */,
			);
			name = Products;
			sourceTree = "<group>";
		};
		37DB93DB1883BE1200EA0225 /* Frameworks */ = {
			isa = PBXGroup;
			children = (
				37DB93DC1883BE1200EA0225 /* Foundation.framework */,
				37DB93DE1883BE1200EA0225 /* CoreGraphics.framework */,
				37DB93E01883BE1200EA0225 /* UIKit.framework */,
				37DB93FB1883BE1200EA0225 /* XCTest.framework */,
			);
			name = Frameworks;
			sourceTree = "<group>";
		};
		37DB93E21883BE1200EA0225 /* ParallaxCollectionViewFlowLayout */ = {
			isa = PBXGroup;
			children = (
				373ECD841883BE7800FA559A /* ParallaxCollectionViewFlowLayout.h */,
				373ECD851883BE7800FA559A /* ParallaxCollectionViewFlowLayout.m */,
				37DB93EB1883BE1200EA0225 /* ParallaxAppDelegate.h */,
				37DB93EC1883BE1200EA0225 /* ParallaxAppDelegate.m */,
				37DB93EE1883BE1200EA0225 /* Main.storyboard */,
				37DB93F11883BE1200EA0225 /* ParallaxViewController.h */,
				37DB93F21883BE1200EA0225 /* ParallaxViewController.m */,
				37DB93F41883BE1200EA0225 /* Images.xcassets */,
				37DB93E31883BE1200EA0225 /* Supporting Files */,
			);
			path = ParallaxCollectionViewFlowLayout;
			sourceTree = "<group>";
		};
		37DB93E31883BE1200EA0225 /* Supporting Files */ = {
			isa = PBXGroup;
			children = (
				37DB93E41883BE1200EA0225 /* ParallaxCollectionViewFlowLayout-Info.plist */,
				37DB93E51883BE1200EA0225 /* InfoPlist.strings */,
				37DB93E81883BE1200EA0225 /* main.m */,
				37DB93EA1883BE1200EA0225 /* ParallaxCollectionViewFlowLayout-Prefix.pch */,
			);
			name = "Supporting Files";
			sourceTree = "<group>";
		};
		37DB94011883BE1200EA0225 /* ParallaxCollectionViewFlowLayoutTests */ = {
			isa = PBXGroup;
			children = (
				37DB94071883BE1200EA0225 /* ParallaxCollectionViewFlowLayoutTests.m */,
				37DB94021883BE1200EA0225 /* Supporting Files */,
			);
			path = ParallaxCollectionViewFlowLayoutTests;
			sourceTree = "<group>";
		};
		37DB94021883BE1200EA0225 /* Supporting Files */ = {
			isa = PBXGroup;
			children = (
				37DB94031883BE1200EA0225 /* ParallaxCollectionViewFlowLayoutTests-Info.plist */,
				37DB94041883BE1200EA0225 /* InfoPlist.strings */,
			);
			name = "Supporting Files";
			sourceTree = "<group>";
		};
/* End PBXGroup section */

/* Begin PBXNativeTarget section */
		37DB93D81883BE1200EA0225 /* ParallaxCollectionViewFlowLayout */ = {
			isa = PBXNativeTarget;
			buildConfigurationList = 37DB940B1883BE1200EA0225 /* Build configuration list for PBXNativeTarget "ParallaxCollectionViewFlowLayout" */;
			buildPhases = (
				37DB93D51883BE1200EA0225 /* Sources */,
				37DB93D61883BE1200EA0225 /* Frameworks */,
				37DB93D71883BE1200EA0225 /* Resources */,
			);
			buildRules = (
			);
			dependencies = (
			);
			name = ParallaxCollectionViewFlowLayout;
			productName = ParallaxCollectionViewFlowLayout;
			productReference = 37DB93D91883BE1200EA0225 /* ParallaxCollectionViewFlowLayout.app */;
			productType = "com.apple.product-type.application";
		};
		37DB93F91883BE1200EA0225 /* ParallaxCollectionViewFlowLayoutTests */ = {
			isa = PBXNativeTarget;
			buildConfigurationList = 37DB940E1883BE1200EA0225 /* Build configuration list for PBXNativeTarget "ParallaxCollectionViewFlowLayoutTests" */;
			buildPhases = (
				37DB93F61883BE1200EA0225 /* Sources */,
				37DB93F71883BE1200EA0225 /* Frameworks */,
				37DB93F81883BE1200EA0225 /* Resources */,
			);
			buildRules = (
			);
			dependencies = (
				37DB94001883BE1200EA0225 /* PBXTargetDependency */,
			);
			name = ParallaxCollectionViewFlowLayoutTests;
			productName = ParallaxCollectionViewFlowLayoutTests;
			productReference = 37DB93FA1883BE1200EA0225 /* ParallaxCollectionViewFlowLayoutTests.xctest */;
			productType = "com.apple.product-type.bundle.unit-test";
		};
/* End PBXNativeTarget section */

/* Begin PBXProject section */
		37DB93D11883BE1200EA0225 /* Project object */ = {
			isa = PBXProject;
			attributes = {
				CLASSPREFIX = Parallax;
				LastUpgradeCheck = 0500;
				ORGANIZATIONNAME = "Bram Yeh";
				TargetAttributes = {
					37DB93F91883BE1200EA0225 = {
						TestTargetID = 37DB93D81883BE1200EA0225;
					};
				};
			};
			buildConfigurationList = 37DB93D41883BE1200EA0225 /* Build configuration list for PBXProject "ParallaxCollectionViewFlowLayout" */;
			compatibilityVersion = "Xcode 3.2";
			developmentRegion = English;
			hasScannedForEncodings = 0;
			knownRegions = (
				en,
				Base,
			);
			mainGroup = 37DB93D01883BE1200EA0225;
			productRefGroup = 37DB93DA1883BE1200EA0225 /* Products */;
			projectDirPath = "";
			projectRoot = "";
			targets = (
				37DB93D81883BE1200EA0225 /* ParallaxCollectionViewFlowLayout */,
				37DB93F91883BE1200EA0225 /* ParallaxCollectionViewFlowLayoutTests */,
			);
		};
/* End PBXProject section */

/* Begin PBXResourcesBuildPhase section */
		37DB93D71883BE1200EA0225 /* Resources */ = {
			isa = PBXResourcesBuildPhase;
			buildActionMask = 2147483647;
			files = (
				37DB93F51883BE1200EA0225 /* Images.xcassets in Resources */,
				37DB93E71883BE1200EA0225 /* InfoPlist.strings in Resources */,
				37DB93F01883BE1200EA0225 /* Main.storyboard in Resources */,
			);
			runOnlyForDeploymentPostprocessing = 0;
		};
		37DB93F81883BE1200EA0225 /* Resources */ = {
			isa = PBXResourcesBuildPhase;
			buildActionMask = 2147483647;
			files = (
				37DB94061883BE1200EA0225 /* InfoPlist.strings in Resources */,
			);
			runOnlyForDeploymentPostprocessing = 0;
		};
/* End PBXResourcesBuildPhase section */

/* Begin PBXSourcesBuildPhase section */
		37DB93D51883BE1200EA0225 /* Sources */ = {
			isa = PBXSourcesBuildPhase;
			buildActionMask = 2147483647;
			files = (
				37DB93E91883BE1200EA0225 /* main.m in Sources */,
				373ECD861883BE7800FA559A /* ParallaxCollectionViewFlowLayout.m in Sources */,
				37DB93ED1883BE1200EA0225 /* ParallaxAppDelegate.m in Sources */,
				37DB93F31883BE1200EA0225 /* ParallaxViewController.m in Sources */,
			);
			runOnlyForDeploymentPostprocessing = 0;
		};
		37DB93F61883BE1200EA0225 /* Sources */ = {
			isa = PBXSourcesBuildPhase;
			buildActionMask = 2147483647;
			files = (
				37DB94081883BE1200EA0225 /* ParallaxCollectionViewFlowLayoutTests.m in Sources */,
			);
			runOnlyForDeploymentPostprocessing = 0;
		};
/* End PBXSourcesBuildPhase section */

/* Begin PBXTargetDependency section */
		37DB94001883BE1200EA0225 /* PBXTargetDependency */ = {
			isa = PBXTargetDependency;
			target = 37DB93D81883BE1200EA0225 /* ParallaxCollectionViewFlowLayout */;
			targetProxy = 37DB93FF1883BE1200EA0225 /* PBXContainerItemProxy */;
		};
/* End PBXTargetDependency section */

/* Begin PBXVariantGroup section */
		37DB93E51883BE1200EA0225 /* InfoPlist.strings */ = {
			isa = PBXVariantGroup;
			children = (
				37DB93E61883BE1200EA0225 /* en */,
			);
			name = InfoPlist.strings;
			sourceTree = "<group>";
		};
		37DB93EE1883BE1200EA0225 /* Main.storyboard */ = {
			isa = PBXVariantGroup;
			children = (
				37DB93EF1883BE1200EA0225 /* Base */,
			);
			name = Main.storyboard;
			sourceTree = "<group>";
		};
		37DB94041883BE1200EA0225 /* InfoPlist.strings */ = {
			isa = PBXVariantGroup;
			children = (
				37DB94051883BE1200EA0225 /* en */,
			);
			name = InfoPlist.strings;
			sourceTree = "<group>";
		};
/* End PBXVariantGroup section */

/* Begin XCBuildConfiguration section */
		37DB94091883BE1200EA0225 /* Debug */ = {
			isa = XCBuildConfiguration;
			buildSettings = {
				ALWAYS_SEARCH_USER_PATHS = NO;
				ARCHS = "$(ARCHS_STANDARD_INCLUDING_64_BIT)";
				CLANG_CXX_LANGUAGE_STANDARD = "gnu++0x";
				CLANG_CXX_LIBRARY = "libc++";
				CLANG_ENABLE_MODULES = YES;
				CLANG_ENABLE_OBJC_ARC = YES;
				CLANG_WARN_BOOL_CONVERSION = YES;
				CLANG_WARN_CONSTANT_CONVERSION = YES;
				CLANG_WARN_DIRECT_OBJC_ISA_USAGE = YES_ERROR;
				CLANG_WARN_EMPTY_BODY = YES;
				CLANG_WARN_ENUM_CONVERSION = YES;
				CLANG_WARN_INT_CONVERSION = YES;
				CLANG_WARN_OBJC_ROOT_CLASS = YES_ERROR;
				CLANG_WARN__DUPLICATE_METHOD_MATCH = YES;
				"CODE_SIGN_IDENTITY[sdk=iphoneos*]" = "iPhone Developer";
				COPY_PHASE_STRIP = NO;
				GCC_C_LANGUAGE_STANDARD = gnu99;
				GCC_DYNAMIC_NO_PIC = NO;
				GCC_OPTIMIZATION_LEVEL = 0;
				GCC_PREPROCESSOR_DEFINITIONS = (
					"DEBUG=1",
					"$(inherited)",
				);
				GCC_SYMBOLS_PRIVATE_EXTERN = NO;
				GCC_WARN_64_TO_32_BIT_CONVERSION = YES;
				GCC_WARN_ABOUT_RETURN_TYPE = YES_ERROR;
				GCC_WARN_UNDECLARED_SELECTOR = YES;
				GCC_WARN_UNINITIALIZED_AUTOS = YES;
				GCC_WARN_UNUSED_FUNCTION = YES;
				GCC_WARN_UNUSED_VARIABLE = YES;
				IPHONEOS_DEPLOYMENT_TARGET = 7.0;
				ONLY_ACTIVE_ARCH = YES;
				SDKROOT = iphoneos;
			};
			name = Debug;
		};
		37DB940A1883BE1200EA0225 /* Release */ = {
			isa = XCBuildConfiguration;
			buildSettings = {
				ALWAYS_SEARCH_USER_PATHS = NO;
				ARCHS = "$(ARCHS_STANDARD_INCLUDING_64_BIT)";
				CLANG_CXX_LANGUAGE_STANDARD = "gnu++0x";
				CLANG_CXX_LIBRARY = "libc++";
				CLANG_ENABLE_MODULES = YES;
				CLANG_ENABLE_OBJC_ARC = YES;
				CLANG_WARN_BOOL_CONVERSION = YES;
				CLANG_WARN_CONSTANT_CONVERSION = YES;
				CLANG_WARN_DIRECT_OBJC_ISA_USAGE = YES_ERROR;
				CLANG_WARN_EMPTY_BODY = YES;
				CLANG_WARN_ENUM_CONVERSION = YES;
				CLANG_WARN_INT_CONVERSION = YES;
				CLANG_WARN_OBJC_ROOT_CLASS = YES_ERROR;
				CLANG_WARN__DUPLICATE_METHOD_MATCH = YES;
				"CODE_SIGN_IDENTITY[sdk=iphoneos*]" = "iPhone Developer";
				COPY_PHASE_STRIP = YES;
				ENABLE_NS_ASSERTIONS = NO;
				GCC_C_LANGUAGE_STANDARD = gnu99;
				GCC_WARN_64_TO_32_BIT_CONVERSION = YES;
				GCC_WARN_ABOUT_RETURN_TYPE = YES_ERROR;
				GCC_WARN_UNDECLARED_SELECTOR = YES;
				GCC_WARN_UNINITIALIZED_AUTOS = YES;
				GCC_WARN_UNUSED_FUNCTION = YES;
				GCC_WARN_UNUSED_VARIABLE = YES;
				IPHONEOS_DEPLOYMENT_TARGET = 7.0;
				SDKROOT = iphoneos;
				VALIDATE_PRODUCT = YES;
			};
			name = Release;
		};
		37DB940C1883BE1200EA0225 /* Debug */ = {
			isa = XCBuildConfiguration;
			buildSettings = {
				ASSETCATALOG_COMPILER_APPICON_NAME = AppIcon;
				ASSETCATALOG_COMPILER_LAUNCHIMAGE_NAME = LaunchImage;
				GCC_PRECOMPILE_PREFIX_HEADER = YES;
				GCC_PREFIX_HEADER = "ParallaxCollectionViewFlowLayout/ParallaxCollectionViewFlowLayout-Prefix.pch";
				INFOPLIST_FILE = "ParallaxCollectionViewFlowLayout/ParallaxCollectionViewFlowLayout-Info.plist";
				PRODUCT_NAME = "$(TARGET_NAME)";
				WRAPPER_EXTENSION = app;
			};
			name = Debug;
		};
		37DB940D1883BE1200EA0225 /* Release */ = {
			isa = XCBuildConfiguration;
			buildSettings = {
				ASSETCATALOG_COMPILER_APPICON_NAME = AppIcon;
				ASSETCATALOG_COMPILER_LAUNCHIMAGE_NAME = LaunchImage;
				GCC_PRECOMPILE_PREFIX_HEADER = YES;
				GCC_PREFIX_HEADER = "ParallaxCollectionViewFlowLayout/ParallaxCollectionViewFlowLayout-Prefix.pch";
				INFOPLIST_FILE = "ParallaxCollectionViewFlowLayout/ParallaxCollectionViewFlowLayout-Info.plist";
				PRODUCT_NAME = "$(TARGET_NAME)";
				WRAPPER_EXTENSION = app;
			};
			name = Release;
		};
		37DB940F1883BE1200EA0225 /* Debug */ = {
			isa = XCBuildConfiguration;
			buildSettings = {
				ARCHS = "$(ARCHS_STANDARD_INCLUDING_64_BIT)";
				BUNDLE_LOADER = "$(BUILT_PRODUCTS_DIR)/ParallaxCollectionViewFlowLayout.app/ParallaxCollectionViewFlowLayout";
				FRAMEWORK_SEARCH_PATHS = (
					"$(SDKROOT)/Developer/Library/Frameworks",
					"$(inherited)",
					"$(DEVELOPER_FRAMEWORKS_DIR)",
				);
				GCC_PRECOMPILE_PREFIX_HEADER = YES;
				GCC_PREFIX_HEADER = "ParallaxCollectionViewFlowLayout/ParallaxCollectionViewFlowLayout-Prefix.pch";
				GCC_PREPROCESSOR_DEFINITIONS = (
					"DEBUG=1",
					"$(inherited)",
				);
				INFOPLIST_FILE = "ParallaxCollectionViewFlowLayoutTests/ParallaxCollectionViewFlowLayoutTests-Info.plist";
				PRODUCT_NAME = "$(TARGET_NAME)";
				TEST_HOST = "$(BUNDLE_LOADER)";
				WRAPPER_EXTENSION = xctest;
			};
			name = Debug;
		};
		37DB94101883BE1200EA0225 /* Release */ = {
			isa = XCBuildConfiguration;
			buildSettings = {
				ARCHS = "$(ARCHS_STANDARD_INCLUDING_64_BIT)";
				BUNDLE_LOADER = "$(BUILT_PRODUCTS_DIR)/ParallaxCollectionViewFlowLayout.app/ParallaxCollectionViewFlowLayout";
				FRAMEWORK_SEARCH_PATHS = (
					"$(SDKROOT)/Developer/Library/Frameworks",
					"$(inherited)",
					"$(DEVELOPER_FRAMEWORKS_DIR)",
				);
				GCC_PRECOMPILE_PREFIX_HEADER = YES;
				GCC_PREFIX_HEADER = "ParallaxCollectionViewFlowLayout/ParallaxCollectionViewFlowLayout-Prefix.pch";
				INFOPLIST_FILE = "ParallaxCollectionViewFlowLayoutTests/ParallaxCollectionViewFlowLayoutTests-Info.plist";
				PRODUCT_NAME = "$(TARGET_NAME)";
				TEST_HOST = "$(BUNDLE_LOADER)";
				WRAPPER_EXTENSION = xctest;
			};
			name = Release;
		};
/* End XCBuildConfiguration section */

/* Begin XCConfigurationList section */
		37DB93D41883BE1200EA0225 /* Build configuration list for PBXProject "ParallaxCollectionViewFlowLayout" */ = {
			isa = XCConfigurationList;
			buildConfigurations = (
				37DB94091883BE1200EA0225 /* Debug */,
				37DB940A1883BE1200EA0225 /* Release */,
			);
			defaultConfigurationIsVisible = 0;
			defaultConfigurationName = Release;
		};
		37DB940B1883BE1200EA0225 /* Build configuration list for PBXNativeTarget "ParallaxCollectionViewFlowLayout" */ = {
			isa = XCConfigurationList;
			buildConfigurations = (
				37DB940C1883BE1200EA0225 /* Debug */,
				37DB940D1883BE1200EA0225 /* Release */,
			);
			defaultConfigurationIsVisible = 0;
			defaultConfigurationName = Release;
		};
		37DB940E1883BE1200EA0225 /* Build configuration list for PBXNativeTarget "ParallaxCollectionViewFlowLayoutTests" */ = {
			isa = XCConfigurationList;
			buildConfigurations = (
				37DB940F1883BE1200EA0225 /* Debug */,
				37DB94101883BE1200EA0225 /* Release */,
			);
			defaultConfigurationIsVisible = 0;
			defaultConfigurationName = Release;
		};
/* End XCConfigurationList section */
	};
	rootObject = 37DB93D11883BE1200EA0225 /* Project object */;
}
